
Microsoft Visual Studio Solution File, Format Version 12.00
# Visual Studio Version 16
VisualStudioVersion = 16.0.30621.155
MinimumVisualStudioVersion = 10.0.40219.1
Project("{8BC9CEB8-8B4A-11D0-8D11-00A0C91BC942}") = "6.2.2", "6.2.2\6.2.2.vcxproj", "{F41C8BA6-B896-48BC-A703-403DFA2C9A09}"
EndProject
Project("{8BC9CEB8-8B4A-11D0-8D11-00A0C91BC942}") = "UnitTest1", "UnitTest1\UnitTest1.vcxproj", "{1B761088-75B6-44AE-BA22-A0AB13365EBC}"
EndProject
Global
	GlobalSection(SolutionConfigurationPlatforms) = preSolution
		Debug|x64 = Debug|x64
		Debug|x86 = Debug|x86
		Release|x64 = Release|x64
		Release|x86 = Release|x86
	EndGlobalSection
	GlobalSection(ProjectConfigurationPlatforms) = postSolution
		{F41C8BA6-B896-48BC-A703-403DFA2C9A09}.Debug|x64.ActiveCfg = Debug|x64
		{F41C8BA6-B896-48BC-A703-403DFA2C9A09}.Debug|x64.Build.0 = Debug|x64
		{F41C8BA6-B896-48BC-A703-403DFA2C9A09}.Debug|x86.ActiveCfg = Debug|Win32
		{F41C8BA6-B896-48BC-A703-403DFA2C9A09}.Debug|x86.Build.0 = Debug|Win32
		{F41C8BA6-B896-48BC-A703-403DFA2C9A09}.Release|x64.ActiveCfg = Release|x64
		{F41C8BA6-B896-48BC-A703-403DFA2C9A09}.Release|x64.Build.0 = Release|x64
		{F41C8BA6-B896-48BC-A703-403DFA2C9A09}.Release|x86.ActiveCfg = Release|Win32
		{F41C8BA6-B896-48BC-A703-403DFA2C9A09}.Release|x86.Build.0 = Release|Win32
		{1B761088-75B6-44AE-BA22-A0AB13365EBC}.Debug|x64.ActiveCfg = Debug|x64
		{1B761088-75B6-44AE-BA22-A0AB13365EBC}.Debug|x64.Build.0 = Debug|x64
		{1B761088-75B6-44AE-BA22-A0AB13365EBC}.Debug|x86.ActiveCfg = Debug|Win32
		{1B761088-75B6-44AE-BA22-A0AB13365EBC}.Debug|x86.Build.0 = Debug|Win32
		{1B761088-75B6-44AE-BA22-A0AB13365EBC}.Release|x64.ActiveCfg = Release|x64
		{1B761088-75B6-44AE-BA22-A0AB13365EBC}.Release|x64.Build.0 = Release|x64
		{1B761088-75B6-44AE-BA22-A0AB13365EBC}.Release|x86.ActiveCfg = Release|Win32
		{1B761088-75B6-44AE-BA22-A0AB13365EBC}.Release|x86.Build.0 = Release|Win32
	EndGlobalSection
	GlobalSection(SolutionProperties) = preSolution
		HideSolutionNode = FALSE
	EndGlobalSection
	GlobalSection(ExtensibilityGlobals) = postSolution
		SolutionGuid = {3F23DF56-9A4A-46F4-B5AB-38F37BD2A9C2}
	EndGlobalSection
EndGlobal
